
Microsoft Visual Studio Solution File, Format Version 11.00
# Visual Studio 2010
Project("{E24C65DC-7377-472B-9ABA-BC803B73C61A}") = "AspWebsite", "AspWebsite\", "{078FA37D-C483-4AC7-BF94-AAB9720A1364}"
	ProjectSection(WebsiteProperties) = preProject
		TargetFrameworkMoniker = ".NETFramework,Version%3Dv3.5"
		ProjectReferences = "{C3C31341-BE56-4A80-AF82-9D9931214FEC}|NorthWindDB.dll;"
		Debug.AspNetCompiler.VirtualPath = "/AspWebsite"
		Debug.AspNetCompiler.PhysicalPath = "AspWebsite\"
		Debug.AspNetCompiler.TargetPath = "PrecompiledWeb\AspWebsite\"
		Debug.AspNetCompiler.Updateable = "true"
		Debug.AspNetCompiler.ForceOverwrite = "true"
		Debug.AspNetCompiler.FixedNames = "false"
		Debug.AspNetCompiler.Debug = "True"
		Release.AspNetCompiler.VirtualPath = "/AspWebsite"
		Release.AspNetCompiler.PhysicalPath = "AspWebsite\"
		Release.AspNetCompiler.TargetPath = "PrecompiledWeb\AspWebsite\"
		Release.AspNetCompiler.Updateable = "true"
		Release.AspNetCompiler.ForceOverwrite = "true"
		Release.AspNetCompiler.FixedNames = "false"
		Release.AspNetCompiler.Debug = "False"
		VWDPort = "49291"
		DefaultWebSiteLanguage = "Visual C#"
	EndProjectSection
EndProject
Project("{FAE04EC0-301F-11D3-BF4B-00C04F79EFBC}") = "budda_tasks", "budda_tasks\budda_tasks.csproj", "{5C312462-830E-4353-9B6D-E9D55096F3FD}"
EndProject
Project("{FAE04EC0-301F-11D3-BF4B-00C04F79EFBC}") = "naveen_tasks", "naveen_tasks\naveen_tasks.csproj", "{118D8653-B165-46CF-94EB-A61F4C7B606E}"
EndProject
Project("{E24C65DC-7377-472B-9ABA-BC803B73C61A}") = "amit_tasks", "amit_tasks\", "{EFC1EF99-714F-449A-B8EA-3545EC0C1AEB}"
	ProjectSection(WebsiteProperties) = preProject
		TargetFrameworkMoniker = ".NETFramework,Version%3Dv4.0"
		Debug.AspNetCompiler.VirtualPath = "/amit_tasks"
		Debug.AspNetCompiler.PhysicalPath = "amit_tasks\"
		Debug.AspNetCompiler.TargetPath = "PrecompiledWeb\amit_tasks\"
		Debug.AspNetCompiler.Updateable = "true"
		Debug.AspNetCompiler.ForceOverwrite = "true"
		Debug.AspNetCompiler.FixedNames = "false"
		Debug.AspNetCompiler.Debug = "True"
		Release.AspNetCompiler.VirtualPath = "/amit_tasks"
		Release.AspNetCompiler.PhysicalPath = "amit_tasks\"
		Release.AspNetCompiler.TargetPath = "PrecompiledWeb\amit_tasks\"
		Release.AspNetCompiler.Updateable = "true"
		Release.AspNetCompiler.ForceOverwrite = "true"
		Release.AspNetCompiler.FixedNames = "false"
		Release.AspNetCompiler.Debug = "False"
		VWDPort = "49384"
	EndProjectSection
EndProject
Project("{FAE04EC0-301F-11D3-BF4B-00C04F79EFBC}") = "Authentication", "Authentication\Authentication.csproj", "{0D8C1876-AA6E-44E0-9D7B-67B9F0CA62CF}"
EndProject
Project("{FAE04EC0-301F-11D3-BF4B-00C04F79EFBC}") = "FormsAuthWithRoles", "FormsAuthWithRoles\FormsAuthWithRoles.csproj", "{FCD716B3-C9C1-4E98-A490-F6ADBB3F70B4}"
EndProject
Project("{FAE04EC0-301F-11D3-BF4B-00C04F79EFBC}") = "XMLHandling", "XMLHandling\XMLHandling.csproj", "{78B2E217-3317-4A7E-B0C7-95E2C2E8755E}"
EndProject
Project("{FAE04EC0-301F-11D3-BF4B-00C04F79EFBC}") = "AjaxClasses", "AjaxClasses\AjaxClasses.csproj", "{57650292-3B04-4637-A604-1536C466D7D7}"
EndProject
Project("{FAE04EC0-301F-11D3-BF4B-00C04F79EFBC}") = "DotNetTraining", "DotNetTraining\DotNetTraining.csproj", "{9FFA6EFB-58D8-4AEA-B87A-115910348CA8}"
EndProject
Project("{FAE04EC0-301F-11D3-BF4B-00C04F79EFBC}") = "NorthWindDB", "NorthWindDB\NorthWindDB.csproj", "{C3C31341-BE56-4A80-AF82-9D9931214FEC}"
EndProject
Global
	GlobalSection(SolutionConfigurationPlatforms) = preSolution
		Debug|Any CPU = Debug|Any CPU
		Debug|Mixed Platforms = Debug|Mixed Platforms
		Debug|x86 = Debug|x86
		Release|Any CPU = Release|Any CPU
		Release|Mixed Platforms = Release|Mixed Platforms
		Release|x86 = Release|x86
	EndGlobalSection
	GlobalSection(ProjectConfigurationPlatforms) = postSolution
		{078FA37D-C483-4AC7-BF94-AAB9720A1364}.Debug|Any CPU.ActiveCfg = Debug|Any CPU
		{078FA37D-C483-4AC7-BF94-AAB9720A1364}.Debug|Any CPU.Build.0 = Debug|Any CPU
		{078FA37D-C483-4AC7-BF94-AAB9720A1364}.Debug|Mixed Platforms.ActiveCfg = Debug|Any CPU
		{078FA37D-C483-4AC7-BF94-AAB9720A1364}.Debug|Mixed Platforms.Build.0 = Debug|Any CPU
		{078FA37D-C483-4AC7-BF94-AAB9720A1364}.Debug|x86.ActiveCfg = Debug|Any CPU
		{078FA37D-C483-4AC7-BF94-AAB9720A1364}.Release|Any CPU.ActiveCfg = Debug|Any CPU
		{078FA37D-C483-4AC7-BF94-AAB9720A1364}.Release|Any CPU.Build.0 = Debug|Any CPU
		{078FA37D-C483-4AC7-BF94-AAB9720A1364}.Release|Mixed Platforms.ActiveCfg = Debug|Any CPU
		{078FA37D-C483-4AC7-BF94-AAB9720A1364}.Release|Mixed Platforms.Build.0 = Debug|Any CPU
		{078FA37D-C483-4AC7-BF94-AAB9720A1364}.Release|x86.ActiveCfg = Debug|Any CPU
		{5C312462-830E-4353-9B6D-E9D55096F3FD}.Debug|Any CPU.ActiveCfg = Debug|Any CPU
		{5C312462-830E-4353-9B6D-E9D55096F3FD}.Debug|Any CPU.Build.0 = Debug|Any CPU
		{5C312462-830E-4353-9B6D-E9D55096F3FD}.Debug|Mixed Platforms.ActiveCfg = Debug|Any CPU
		{5C312462-830E-4353-9B6D-E9D55096F3FD}.Debug|Mixed Platforms.Build.0 = Debug|Any CPU
		{5C312462-830E-4353-9B6D-E9D55096F3FD}.Debug|x86.ActiveCfg = Debug|Any CPU
		{5C312462-830E-4353-9B6D-E9D55096F3FD}.Release|Any CPU.ActiveCfg = Release|Any CPU
		{5C312462-830E-4353-9B6D-E9D55096F3FD}.Release|Any CPU.Build.0 = Release|Any CPU
		{5C312462-830E-4353-9B6D-E9D55096F3FD}.Release|Mixed Platforms.ActiveCfg = Release|Any CPU
		{5C312462-830E-4353-9B6D-E9D55096F3FD}.Release|Mixed Platforms.Build.0 = Release|Any CPU
		{5C312462-830E-4353-9B6D-E9D55096F3FD}.Release|x86.ActiveCfg = Release|Any CPU
		{118D8653-B165-46CF-94EB-A61F4C7B606E}.Debug|Any CPU.ActiveCfg = Debug|Any CPU
		{118D8653-B165-46CF-94EB-A61F4C7B606E}.Debug|Any CPU.Build.0 = Debug|Any CPU
		{118D8653-B165-46CF-94EB-A61F4C7B606E}.Debug|Mixed Platforms.ActiveCfg = Debug|Any CPU
		{118D8653-B165-46CF-94EB-A61F4C7B606E}.Debug|Mixed Platforms.Build.0 = Debug|Any CPU
		{118D8653-B165-46CF-94EB-A61F4C7B606E}.Debug|x86.ActiveCfg = Debug|Any CPU
		{118D8653-B165-46CF-94EB-A61F4C7B606E}.Release|Any CPU.ActiveCfg = Release|Any CPU
		{118D8653-B165-46CF-94EB-A61F4C7B606E}.Release|Any CPU.Build.0 = Release|Any CPU
		{118D8653-B165-46CF-94EB-A61F4C7B606E}.Release|Mixed Platforms.ActiveCfg = Release|Any CPU
		{118D8653-B165-46CF-94EB-A61F4C7B606E}.Release|Mixed Platforms.Build.0 = Release|Any CPU
		{118D8653-B165-46CF-94EB-A61F4C7B606E}.Release|x86.ActiveCfg = Release|Any CPU
		{EFC1EF99-714F-449A-B8EA-3545EC0C1AEB}.Debug|Any CPU.ActiveCfg = Debug|Any CPU
		{EFC1EF99-714F-449A-B8EA-3545EC0C1AEB}.Debug|Any CPU.Build.0 = Debug|Any CPU
		{EFC1EF99-714F-449A-B8EA-3545EC0C1AEB}.Debug|Mixed Platforms.ActiveCfg = Debug|Any CPU
		{EFC1EF99-714F-449A-B8EA-3545EC0C1AEB}.Debug|Mixed Platforms.Build.0 = Debug|Any CPU
		{EFC1EF99-714F-449A-B8EA-3545EC0C1AEB}.Debug|x86.ActiveCfg = Debug|Any CPU
		{EFC1EF99-714F-449A-B8EA-3545EC0C1AEB}.Release|Any CPU.ActiveCfg = Debug|Any CPU
		{EFC1EF99-714F-449A-B8EA-3545EC0C1AEB}.Release|Any CPU.Build.0 = Debug|Any CPU
		{EFC1EF99-714F-449A-B8EA-3545EC0C1AEB}.Release|Mixed Platforms.ActiveCfg = Debug|Any CPU
		{EFC1EF99-714F-449A-B8EA-3545EC0C1AEB}.Release|Mixed Platforms.Build.0 = Debug|Any CPU
		{EFC1EF99-714F-449A-B8EA-3545EC0C1AEB}.Release|x86.ActiveCfg = Debug|Any CPU
		{0D8C1876-AA6E-44E0-9D7B-67B9F0CA62CF}.Debug|Any CPU.ActiveCfg = Debug|Any CPU
		{0D8C1876-AA6E-44E0-9D7B-67B9F0CA62CF}.Debug|Any CPU.Build.0 = Debug|Any CPU
		{0D8C1876-AA6E-44E0-9D7B-67B9F0CA62CF}.Debug|Mixed Platforms.ActiveCfg = Debug|Any CPU
		{0D8C1876-AA6E-44E0-9D7B-67B9F0CA62CF}.Debug|Mixed Platforms.Build.0 = Debug|Any CPU
		{0D8C1876-AA6E-44E0-9D7B-67B9F0CA62CF}.Debug|x86.ActiveCfg = Debug|Any CPU
		{0D8C1876-AA6E-44E0-9D7B-67B9F0CA62CF}.Release|Any CPU.ActiveCfg = Release|Any CPU
		{0D8C1876-AA6E-44E0-9D7B-67B9F0CA62CF}.Release|Any CPU.Build.0 = Release|Any CPU
		{0D8C1876-AA6E-44E0-9D7B-67B9F0CA62CF}.Release|Mixed Platforms.ActiveCfg = Release|Any CPU
		{0D8C1876-AA6E-44E0-9D7B-67B9F0CA62CF}.Release|Mixed Platforms.Build.0 = Release|Any CPU
		{0D8C1876-AA6E-44E0-9D7B-67B9F0CA62CF}.Release|x86.ActiveCfg = Release|Any CPU
		{FCD716B3-C9C1-4E98-A490-F6ADBB3F70B4}.Debug|Any CPU.ActiveCfg = Debug|Any CPU
		{FCD716B3-C9C1-4E98-A490-F6ADBB3F70B4}.Debug|Any CPU.Build.0 = Debug|Any CPU
		{FCD716B3-C9C1-4E98-A490-F6ADBB3F70B4}.Debug|Mixed Platforms.ActiveCfg = Debug|Any CPU
		{FCD716B3-C9C1-4E98-A490-F6ADBB3F70B4}.Debug|Mixed Platforms.Build.0 = Debug|Any CPU
		{FCD716B3-C9C1-4E98-A490-F6ADBB3F70B4}.Debug|x86.ActiveCfg = Debug|Any CPU
		{FCD716B3-C9C1-4E98-A490-F6ADBB3F70B4}.Release|Any CPU.ActiveCfg = Release|Any CPU
		{FCD716B3-C9C1-4E98-A490-F6ADBB3F70B4}.Release|Any CPU.Build.0 = Release|Any CPU
		{FCD716B3-C9C1-4E98-A490-F6ADBB3F70B4}.Release|Mixed Platforms.ActiveCfg = Release|Any CPU
		{FCD716B3-C9C1-4E98-A490-F6ADBB3F70B4}.Release|Mixed Platforms.Build.0 = Release|Any CPU
		{FCD716B3-C9C1-4E98-A490-F6ADBB3F70B4}.Release|x86.ActiveCfg = Release|Any CPU
		{78B2E217-3317-4A7E-B0C7-95E2C2E8755E}.Debug|Any CPU.ActiveCfg = Debug|Any CPU
		{78B2E217-3317-4A7E-B0C7-95E2C2E8755E}.Debug|Any CPU.Build.0 = Debug|Any CPU
		{78B2E217-3317-4A7E-B0C7-95E2C2E8755E}.Debug|Mixed Platforms.ActiveCfg = Debug|Any CPU
		{78B2E217-3317-4A7E-B0C7-95E2C2E8755E}.Debug|Mixed Platforms.Build.0 = Debug|Any CPU
		{78B2E217-3317-4A7E-B0C7-95E2C2E8755E}.Debug|x86.ActiveCfg = Debug|Any CPU
		{78B2E217-3317-4A7E-B0C7-95E2C2E8755E}.Release|Any CPU.ActiveCfg = Release|Any CPU
		{78B2E217-3317-4A7E-B0C7-95E2C2E8755E}.Release|Any CPU.Build.0 = Release|Any CPU
		{78B2E217-3317-4A7E-B0C7-95E2C2E8755E}.Release|Mixed Platforms.ActiveCfg = Release|Any CPU
		{78B2E217-3317-4A7E-B0C7-95E2C2E8755E}.Release|Mixed Platforms.Build.0 = Release|Any CPU
		{78B2E217-3317-4A7E-B0C7-95E2C2E8755E}.Release|x86.ActiveCfg = Release|Any CPU
		{57650292-3B04-4637-A604-1536C466D7D7}.Debug|Any CPU.ActiveCfg = Debug|Any CPU
		{57650292-3B04-4637-A604-1536C466D7D7}.Debug|Any CPU.Build.0 = Debug|Any CPU
		{57650292-3B04-4637-A604-1536C466D7D7}.Debug|Mixed Platforms.ActiveCfg = Debug|Any CPU
		{57650292-3B04-4637-A604-1536C466D7D7}.Debug|Mixed Platforms.Build.0 = Debug|Any CPU
		{57650292-3B04-4637-A604-1536C466D7D7}.Debug|x86.ActiveCfg = Debug|Any CPU
		{57650292-3B04-4637-A604-1536C466D7D7}.Release|Any CPU.ActiveCfg = Release|Any CPU
		{57650292-3B04-4637-A604-1536C466D7D7}.Release|Any CPU.Build.0 = Release|Any CPU
		{57650292-3B04-4637-A604-1536C466D7D7}.Release|Mixed Platforms.ActiveCfg = Release|Any CPU
		{57650292-3B04-4637-A604-1536C466D7D7}.Release|Mixed Platforms.Build.0 = Release|Any CPU
		{57650292-3B04-4637-A604-1536C466D7D7}.Release|x86.ActiveCfg = Release|Any CPU
		{9FFA6EFB-58D8-4AEA-B87A-115910348CA8}.Debug|Any CPU.ActiveCfg = Debug|Any CPU
		{9FFA6EFB-58D8-4AEA-B87A-115910348CA8}.Debug|Any CPU.Build.0 = Debug|Any CPU
		{9FFA6EFB-58D8-4AEA-B87A-115910348CA8}.Debug|Mixed Platforms.ActiveCfg = Debug|Any CPU
		{9FFA6EFB-58D8-4AEA-B87A-115910348CA8}.Debug|Mixed Platforms.Build.0 = Debug|Any CPU
		{9FFA6EFB-58D8-4AEA-B87A-115910348CA8}.Debug|x86.ActiveCfg = Debug|Any CPU
		{9FFA6EFB-58D8-4AEA-B87A-115910348CA8}.Release|Any CPU.ActiveCfg = Release|Any CPU
		{9FFA6EFB-58D8-4AEA-B87A-115910348CA8}.Release|Any CPU.Build.0 = Release|Any CPU
		{9FFA6EFB-58D8-4AEA-B87A-115910348CA8}.Release|Mixed Platforms.ActiveCfg = Release|Any CPU
		{9FFA6EFB-58D8-4AEA-B87A-115910348CA8}.Release|Mixed Platforms.Build.0 = Release|Any CPU
		{9FFA6EFB-58D8-4AEA-B87A-115910348CA8}.Release|x86.ActiveCfg = Release|Any CPU
		{C3C31341-BE56-4A80-AF82-9D9931214FEC}.Debug|Any CPU.ActiveCfg = Debug|Any CPU
		{C3C31341-BE56-4A80-AF82-9D9931214FEC}.Debug|Any CPU.Build.0 = Debug|Any CPU
		{C3C31341-BE56-4A80-AF82-9D9931214FEC}.Debug|Mixed Platforms.ActiveCfg = Debug|Any CPU
		{C3C31341-BE56-4A80-AF82-9D9931214FEC}.Debug|Mixed Platforms.Build.0 = Debug|Any CPU
		{C3C31341-BE56-4A80-AF82-9D9931214FEC}.Debug|x86.ActiveCfg = Debug|Any CPU
		{C3C31341-BE56-4A80-AF82-9D9931214FEC}.Release|Any CPU.ActiveCfg = Release|Any CPU
		{C3C31341-BE56-4A80-AF82-9D9931214FEC}.Release|Any CPU.Build.0 = Release|Any CPU
		{C3C31341-BE56-4A80-AF82-9D9931214FEC}.Release|Mixed Platforms.ActiveCfg = Release|Any CPU
		{C3C31341-BE56-4A80-AF82-9D9931214FEC}.Release|Mixed Platforms.Build.0 = Release|Any CPU
		{C3C31341-BE56-4A80-AF82-9D9931214FEC}.Release|x86.ActiveCfg = Release|Any CPU
	EndGlobalSection
	GlobalSection(SolutionProperties) = preSolution
		HideSolutionNode = FALSE
	EndGlobalSection
EndGlobal
