
Microsoft Visual Studio Solution File, Format Version 11.00
# Visual Studio 2010
Project("{FAE04EC0-301F-11D3-BF4B-00C04F79EFBC}") = "DotNetTraining", "DotNetTraining\DotNetTraining.csproj", "{9FFA6EFB-58D8-4AEA-B87A-115910348CA8}"
EndProject
Project("{E24C65DC-7377-472B-9ABA-BC803B73C61A}") = "AspWebsite", "AspWebsite\", "{078FA37D-C483-4AC7-BF94-AAB9720A1364}"
	ProjectSection(WebsiteProperties) = preProject
		TargetFrameworkMoniker = ".NETFramework,Version%3Dv3.5"
		Debug.AspNetCompiler.VirtualPath = "/AspWebsite"
		Debug.AspNetCompiler.PhysicalPath = "AspWebsite\"
		Debug.AspNetCompiler.TargetPath = "PrecompiledWeb\AspWebsite\"
		Debug.AspNetCompiler.Updateable = "true"
		Debug.AspNetCompiler.ForceOverwrite = "true"
		Debug.AspNetCompiler.FixedNames = "false"
		Debug.AspNetCompiler.Debug = "True"
		Release.AspNetCompiler.VirtualPath = "/AspWebsite"
		Release.AspNetCompiler.PhysicalPath = "AspWebsite\"
		Release.AspNetCompiler.TargetPath = "PrecompiledWeb\AspWebsite\"
		Release.AspNetCompiler.Updateable = "true"
		Release.AspNetCompiler.ForceOverwrite = "true"
		Release.AspNetCompiler.FixedNames = "false"
		Release.AspNetCompiler.Debug = "False"
		VWDPort = "49290"
		DefaultWebSiteLanguage = "Visual C#"
	EndProjectSection
EndProject
Global
	GlobalSection(SolutionConfigurationPlatforms) = preSolution
		Debug|Any CPU = Debug|Any CPU
		Release|Any CPU = Release|Any CPU
	EndGlobalSection
	GlobalSection(ProjectConfigurationPlatforms) = postSolution
		{9FFA6EFB-58D8-4AEA-B87A-115910348CA8}.Debug|Any CPU.ActiveCfg = Debug|Any CPU
		{9FFA6EFB-58D8-4AEA-B87A-115910348CA8}.Debug|Any CPU.Build.0 = Debug|Any CPU
		{9FFA6EFB-58D8-4AEA-B87A-115910348CA8}.Release|Any CPU.ActiveCfg = Release|Any CPU
		{9FFA6EFB-58D8-4AEA-B87A-115910348CA8}.Release|Any CPU.Build.0 = Release|Any CPU
		{078FA37D-C483-4AC7-BF94-AAB9720A1364}.Debug|Any CPU.ActiveCfg = Debug|Any CPU
		{078FA37D-C483-4AC7-BF94-AAB9720A1364}.Debug|Any CPU.Build.0 = Debug|Any CPU
		{078FA37D-C483-4AC7-BF94-AAB9720A1364}.Release|Any CPU.ActiveCfg = Debug|Any CPU
		{078FA37D-C483-4AC7-BF94-AAB9720A1364}.Release|Any CPU.Build.0 = Debug|Any CPU
	EndGlobalSection
	GlobalSection(SolutionProperties) = preSolution
		HideSolutionNode = FALSE
	EndGlobalSection
EndGlobal
